{
  "requires": true,
  "lockfileVersion": 1,
  "dependencies": {
    "uuid": {
      "version": "8.3.0",
      "resolved": "https://registry.npm.taobao.org/uuid/download/uuid-8.3.0.tgz?cache=0&sync_timestamp=1595887683255&other_urls=https%3A%2F%2Fregistry.npm.taobao.org%2Fuuid%2Fdownload%2Fuuid-8.3.0.tgz",
      "integrity": "sha1-q3OAhcoi3JqMknJeRZsdUH311uo="
    }
  }
}
